
Microsoft Visual Studio Solution File, Format Version 12.00
# Visual Studio Version 17
VisualStudioVersion = 17.5.33530.505
MinimumVisualStudioVersion = 10.0.40219.1
Project("{FAE04EC0-301F-11D3-BF4B-00C04F79EFBC}") = "PruebaFileStream", "PruebaFileStream\PruebaFileStream.csproj", "{A71C9E46-DF15-4791-97BF-72A794706D93}"
EndProject
Project("{FAE04EC0-301F-11D3-BF4B-00C04F79EFBC}") = "PruebaMemoryStream", "PruebaMemoryStream\PruebaMemoryStream.csproj", "{F7206598-E0C3-4D34-9355-22B2BEEAC8AD}"
EndProject
Project("{FAE04EC0-301F-11D3-BF4B-00C04F79EFBC}") = "UsoBufferedStream", "UsoBufferedStream\UsoBufferedStream.csproj", "{6A7A52ED-6E5F-473E-BC03-43F22CD710A0}"
EndProject
Global
	GlobalSection(SolutionConfigurationPlatforms) = preSolution
		Debug|Any CPU = Debug|Any CPU
		Release|Any CPU = Release|Any CPU
	EndGlobalSection
	GlobalSection(ProjectConfigurationPlatforms) = postSolution
		{A71C9E46-DF15-4791-97BF-72A794706D93}.Debug|Any CPU.ActiveCfg = Debug|Any CPU
		{A71C9E46-DF15-4791-97BF-72A794706D93}.Debug|Any CPU.Build.0 = Debug|Any CPU
		{A71C9E46-DF15-4791-97BF-72A794706D93}.Release|Any CPU.ActiveCfg = Release|Any CPU
		{A71C9E46-DF15-4791-97BF-72A794706D93}.Release|Any CPU.Build.0 = Release|Any CPU
		{F7206598-E0C3-4D34-9355-22B2BEEAC8AD}.Debug|Any CPU.ActiveCfg = Debug|Any CPU
		{F7206598-E0C3-4D34-9355-22B2BEEAC8AD}.Debug|Any CPU.Build.0 = Debug|Any CPU
		{F7206598-E0C3-4D34-9355-22B2BEEAC8AD}.Release|Any CPU.ActiveCfg = Release|Any CPU
		{F7206598-E0C3-4D34-9355-22B2BEEAC8AD}.Release|Any CPU.Build.0 = Release|Any CPU
		{6A7A52ED-6E5F-473E-BC03-43F22CD710A0}.Debug|Any CPU.ActiveCfg = Debug|Any CPU
		{6A7A52ED-6E5F-473E-BC03-43F22CD710A0}.Debug|Any CPU.Build.0 = Debug|Any CPU
		{6A7A52ED-6E5F-473E-BC03-43F22CD710A0}.Release|Any CPU.ActiveCfg = Release|Any CPU
		{6A7A52ED-6E5F-473E-BC03-43F22CD710A0}.Release|Any CPU.Build.0 = Release|Any CPU
	EndGlobalSection
	GlobalSection(SolutionProperties) = preSolution
		HideSolutionNode = FALSE
	EndGlobalSection
	GlobalSection(ExtensibilityGlobals) = postSolution
		SolutionGuid = {BE944B6D-B1BF-4097-B0BC-AD76D6011DAD}
	EndGlobalSection
EndGlobal
